
Microsoft Visual Studio Solution File, Format Version 12.00
# Visual Studio Version 16
VisualStudioVersion = 16.0.29613.14
MinimumVisualStudioVersion = 10.0.40219.1
Project("{FAE04EC0-301F-11D3-BF4B-00C04F79EFBC}") = "Saat Dakika hesap", "Saat Dakika hesap.csproj", "{1C6650A2-1874-45AA-AD27-A5A6A82F159F}"
EndProject
Global
	GlobalSection(SolutionConfigurationPlatforms) = preSolution
		Debug|Any CPU = Debug|Any CPU
		Release|Any CPU = Release|Any CPU
	EndGlobalSection
	GlobalSection(ProjectConfigurationPlatforms) = postSolution
		{1C6650A2-1874-45AA-AD27-A5A6A82F159F}.Debug|Any CPU.ActiveCfg = Debug|Any CPU
		{1C6650A2-1874-45AA-AD27-A5A6A82F159F}.Debug|Any CPU.Build.0 = Debug|Any CPU
		{1C6650A2-1874-45AA-AD27-A5A6A82F159F}.Release|Any CPU.ActiveCfg = Release|Any CPU
		{1C6650A2-1874-45AA-AD27-A5A6A82F159F}.Release|Any CPU.Build.0 = Release|Any CPU
	EndGlobalSection
	GlobalSection(SolutionProperties) = preSolution
		HideSolutionNode = FALSE
	EndGlobalSection
	GlobalSection(ExtensibilityGlobals) = postSolution
		SolutionGuid = {1E457494-ACAF-42E2-8C68-D60ED0AE22FA}
	EndGlobalSection
EndGlobal
